// !$*UTF8*$!
{
	archiveVersion = 1;
	classes = {
	};
	objectVersion = 56;
	objects = {

/* Begin PBXBuildFile section */
		DA3FC71A2B73B27900BE706A /* TabButtonView.swift in Sources */ = {isa = PBXBuildFile; fileRef = DA3FC7192B73B27900BE706A /* TabButtonView.swift */; };
		DA3FC71C2B73C34500BE706A /* Font+Enums.swift in Sources */ = {isa = PBXBuildFile; fileRef = DA3FC71B2B73C34500BE706A /* Font+Enums.swift */; };
		DA3FC72B2B73C3FE00BE706A /* Rubik-BlackItalic.ttf in Resources */ = {isa = PBXBuildFile; fileRef = DA3FC71D2B73C3FD00BE706A /* Rubik-BlackItalic.ttf */; };
		DA3FC72C2B73C3FE00BE706A /* Rubik-Black.ttf in Resources */ = {isa = PBXBuildFile; fileRef = DA3FC71E2B73C3FD00BE706A /* Rubik-Black.ttf */; };
		DA3FC72D2B73C3FE00BE706A /* Rubik-ExtraBoldItalic.ttf in Resources */ = {isa = PBXBuildFile; fileRef = DA3FC71F2B73C3FD00BE706A /* Rubik-ExtraBoldItalic.ttf */; };
		DA3FC72E2B73C3FE00BE706A /* Rubik-MediumItalic.ttf in Resources */ = {isa = PBXBuildFile; fileRef = DA3FC7202B73C3FD00BE706A /* Rubik-MediumItalic.ttf */; };
		DA3FC72F2B73C3FE00BE706A /* Rubik-Light.ttf in Resources */ = {isa = PBXBuildFile; fileRef = DA3FC7212B73C3FD00BE706A /* Rubik-Light.ttf */; };
		DA3FC7302B73C3FE00BE706A /* Rubik-BoldItalic.ttf in Resources */ = {isa = PBXBuildFile; fileRef = DA3FC7222B73C3FD00BE706A /* Rubik-BoldItalic.ttf */; };
		DA3FC7312B73C3FE00BE706A /* Rubik-LightItalic.ttf in Resources */ = {isa = PBXBuildFile; fileRef = DA3FC7232B73C3FD00BE706A /* Rubik-LightItalic.ttf */; };
		DA3FC7322B73C3FE00BE706A /* Rubik-Regular.ttf in Resources */ = {isa = PBXBuildFile; fileRef = DA3FC7242B73C3FE00BE706A /* Rubik-Regular.ttf */; };
		DA3FC7332B73C3FE00BE706A /* Rubik-Italic.ttf in Resources */ = {isa = PBXBuildFile; fileRef = DA3FC7252B73C3FE00BE706A /* Rubik-Italic.ttf */; };
		DA3FC7342B73C3FE00BE706A /* Rubik-Medium.ttf in Resources */ = {isa = PBXBuildFile; fileRef = DA3FC7262B73C3FE00BE706A /* Rubik-Medium.ttf */; };
		DA3FC7352B73C3FE00BE706A /* Rubik-Bold.ttf in Resources */ = {isa = PBXBuildFile; fileRef = DA3FC7272B73C3FE00BE706A /* Rubik-Bold.ttf */; };
		DA3FC7362B73C3FE00BE706A /* Rubik-SemiBoldItalic.ttf in Resources */ = {isa = PBXBuildFile; fileRef = DA3FC7282B73C3FE00BE706A /* Rubik-SemiBoldItalic.ttf */; };
		DA3FC7372B73C3FE00BE706A /* Rubik-SemiBold.ttf in Resources */ = {isa = PBXBuildFile; fileRef = DA3FC7292B73C3FE00BE706A /* Rubik-SemiBold.ttf */; };
		DA3FC7382B73C3FE00BE706A /* Rubik-ExtraBold.ttf in Resources */ = {isa = PBXBuildFile; fileRef = DA3FC72A2B73C3FE00BE706A /* Rubik-ExtraBold.ttf */; };
		DA3FC73B2B73F51600BE706A /* HomePage.swift in Sources */ = {isa = PBXBuildFile; fileRef = DA3FC73A2B73F51600BE706A /* HomePage.swift */; };
		DA3FC73D2B73F52900BE706A /* DiagnosePage.swift in Sources */ = {isa = PBXBuildFile; fileRef = DA3FC73C2B73F52900BE706A /* DiagnosePage.swift */; };
		DA3FC73F2B73F53700BE706A /* IdentifiyPage.swift in Sources */ = {isa = PBXBuildFile; fileRef = DA3FC73E2B73F53700BE706A /* IdentifiyPage.swift */; };
		DA3FC7412B73F54200BE706A /* MyGardenPage.swift in Sources */ = {isa = PBXBuildFile; fileRef = DA3FC7402B73F54200BE706A /* MyGardenPage.swift */; };
		DA3FC7432B73F54B00BE706A /* ProfilePage.swift in Sources */ = {isa = PBXBuildFile; fileRef = DA3FC7422B73F54B00BE706A /* ProfilePage.swift */; };
		DA3FC7462B73F6D800BE706A /* CustomTextFieldModifier.swift in Sources */ = {isa = PBXBuildFile; fileRef = DA3FC7452B73F6D800BE706A /* CustomTextFieldModifier.swift */; };
		DA3FC7492B7426FC00BE706A /* PremiumButton.swift in Sources */ = {isa = PBXBuildFile; fileRef = DA3FC7482B7426FC00BE706A /* PremiumButton.swift */; };
		DA3FC74B2B74418F00BE706A /* GetStartedCard.swift in Sources */ = {isa = PBXBuildFile; fileRef = DA3FC74A2B74418F00BE706A /* GetStartedCard.swift */; };
		DA3FC74D2B74DB0100BE706A /* CategoryCard.swift in Sources */ = {isa = PBXBuildFile; fileRef = DA3FC74C2B74DB0100BE706A /* CategoryCard.swift */; };
		DA3FC7502B74FA9000BE706A /* NetworkService.swift in Sources */ = {isa = PBXBuildFile; fileRef = DA3FC74F2B74FA9000BE706A /* NetworkService.swift */; };
		DA3FC7532B75273300BE706A /* QuestionsModel.swift in Sources */ = {isa = PBXBuildFile; fileRef = DA3FC7522B75273300BE706A /* QuestionsModel.swift */; };
		DA3FC7552B75274000BE706A /* CategoriesModel.swift in Sources */ = {isa = PBXBuildFile; fileRef = DA3FC7542B75274000BE706A /* CategoriesModel.swift */; };
		DA3FC7572B75278C00BE706A /* NetworkingHelpers.swift in Sources */ = {isa = PBXBuildFile; fileRef = DA3FC7562B75278C00BE706A /* NetworkingHelpers.swift */; };
		DA3FC75A2B75291F00BE706A /* QuestionsViewModel.swift in Sources */ = {isa = PBXBuildFile; fileRef = DA3FC7592B75291F00BE706A /* QuestionsViewModel.swift */; };
		DA3FC75C2B752D4900BE706A /* CategoriesViewModel.swift in Sources */ = {isa = PBXBuildFile; fileRef = DA3FC75B2B752D4900BE706A /* CategoriesViewModel.swift */; };
		DA3FC75F2B75367600BE706A /* Kingfisher in Frameworks */ = {isa = PBXBuildFile; productRef = DA3FC75E2B75367600BE706A /* Kingfisher */; };
		DA3FC7622B75471900BE706A /* OnboardingController.swift in Sources */ = {isa = PBXBuildFile; fileRef = DA3FC7612B75471900BE706A /* OnboardingController.swift */; };
		DA3FC7642B75472500BE706A /* OnboardingView.swift in Sources */ = {isa = PBXBuildFile; fileRef = DA3FC7632B75472500BE706A /* OnboardingView.swift */; };
		DA3FC7672B7577C900BE706A /* WelcomePage.swift in Sources */ = {isa = PBXBuildFile; fileRef = DA3FC7662B7577C900BE706A /* WelcomePage.swift */; };
		DA3FC7692B75797400BE706A /* OnboardingFirstPage.swift in Sources */ = {isa = PBXBuildFile; fileRef = DA3FC7682B75797400BE706A /* OnboardingFirstPage.swift */; };
		DA3FC76B2B758D2000BE706A /* OnboardingSecondPage.swift in Sources */ = {isa = PBXBuildFile; fileRef = DA3FC76A2B758D2000BE706A /* OnboardingSecondPage.swift */; };
		DAA0A0372B7377CA00F59AFD /* PlantAppApp.swift in Sources */ = {isa = PBXBuildFile; fileRef = DAA0A0362B7377CA00F59AFD /* PlantAppApp.swift */; };
		DAA0A0392B7377CA00F59AFD /* ContentView.swift in Sources */ = {isa = PBXBuildFile; fileRef = DAA0A0382B7377CA00F59AFD /* ContentView.swift */; };
		DAA0A03B2B7377CC00F59AFD /* Assets.xcassets in Resources */ = {isa = PBXBuildFile; fileRef = DAA0A03A2B7377CC00F59AFD /* Assets.xcassets */; };
		DAA0A03E2B7377CC00F59AFD /* Preview Assets.xcassets in Resources */ = {isa = PBXBuildFile; fileRef = DAA0A03D2B7377CC00F59AFD /* Preview Assets.xcassets */; };
		DAA0A0462B73812B00F59AFD /* TabbarView.swift in Sources */ = {isa = PBXBuildFile; fileRef = DAA0A0452B73812B00F59AFD /* TabbarView.swift */; };
		DAA6F7CB2B75A0F300C7583F /* PaywallPage.swift in Sources */ = {isa = PBXBuildFile; fileRef = DAA6F7CA2B75A0F300C7583F /* PaywallPage.swift */; };
		DAA6F7CD2B765CAA00C7583F /* CustomBorderShape.swift in Sources */ = {isa = PBXBuildFile; fileRef = DAA6F7CC2B765CAA00C7583F /* CustomBorderShape.swift */; };
		DAA6F7D12B766C0100C7583F /* FeaturesInfo.swift in Sources */ = {isa = PBXBuildFile; fileRef = DAA6F7D02B766C0100C7583F /* FeaturesInfo.swift */; };
		DAA6F7D32B76862900C7583F /* ProductInfo.swift in Sources */ = {isa = PBXBuildFile; fileRef = DAA6F7D22B76862900C7583F /* ProductInfo.swift */; };
		DAA6F7D52B7695F500C7583F /* PaywallProductController.swift in Sources */ = {isa = PBXBuildFile; fileRef = DAA6F7D42B7695F500C7583F /* PaywallProductController.swift */; };
		DAA6F7D72B76A4E700C7583F /* FeaturesView.swift in Sources */ = {isa = PBXBuildFile; fileRef = DAA6F7D62B76A4E700C7583F /* FeaturesView.swift */; };
		DAA6F7D92B76A53800C7583F /* PaywallTerms.swift in Sources */ = {isa = PBXBuildFile; fileRef = DAA6F7D82B76A53800C7583F /* PaywallTerms.swift */; };
		DAA6F7DB2B76A56000C7583F /* ProductButton.swift in Sources */ = {isa = PBXBuildFile; fileRef = DAA6F7DA2B76A56000C7583F /* ProductButton.swift */; };
		DAA6F7DE2B76F37200C7583F /* Color+Extensions.swift in Sources */ = {isa = PBXBuildFile; fileRef = DAA6F7DD2B76F37200C7583F /* Color+Extensions.swift */; };
		DAA6F7E02B76F3F900C7583F /* View+Extensions.swift in Sources */ = {isa = PBXBuildFile; fileRef = DAA6F7DF2B76F3F900C7583F /* View+Extensions.swift */; };
		DAA6F7E22B76F60300C7583F /* CustomButtonStyle.swift in Sources */ = {isa = PBXBuildFile; fileRef = DAA6F7E12B76F60300C7583F /* CustomButtonStyle.swift */; };
/* End PBXBuildFile section */

/* Begin PBXFileReference section */
		DA3FC7192B73B27900BE706A /* TabButtonView.swift */ = {isa = PBXFileReference; lastKnownFileType = sourcecode.swift; path = TabButtonView.swift; sourceTree = "<group>"; };
		DA3FC71B2B73C34500BE706A /* Font+Enums.swift */ = {isa = PBXFileReference; lastKnownFileType = sourcecode.swift; path = "Font+Enums.swift"; sourceTree = "<group>"; };
		DA3FC71D2B73C3FD00BE706A /* Rubik-BlackItalic.ttf */ = {isa = PBXFileReference; lastKnownFileType = file; path = "Rubik-BlackItalic.ttf"; sourceTree = "<group>"; };
		DA3FC71E2B73C3FD00BE706A /* Rubik-Black.ttf */ = {isa = PBXFileReference; lastKnownFileType = file; path = "Rubik-Black.ttf"; sourceTree = "<group>"; };
		DA3FC71F2B73C3FD00BE706A /* Rubik-ExtraBoldItalic.ttf */ = {isa = PBXFileReference; lastKnownFileType = file; path = "Rubik-ExtraBoldItalic.ttf"; sourceTree = "<group>"; };
		DA3FC7202B73C3FD00BE706A /* Rubik-MediumItalic.ttf */ = {isa = PBXFileReference; lastKnownFileType = file; path = "Rubik-MediumItalic.ttf"; sourceTree = "<group>"; };
		DA3FC7212B73C3FD00BE706A /* Rubik-Light.ttf */ = {isa = PBXFileReference; lastKnownFileType = file; path = "Rubik-Light.ttf"; sourceTree = "<group>"; };
		DA3FC7222B73C3FD00BE706A /* Rubik-BoldItalic.ttf */ = {isa = PBXFileReference; lastKnownFileType = file; path = "Rubik-BoldItalic.ttf"; sourceTree = "<group>"; };
		DA3FC7232B73C3FD00BE706A /* Rubik-LightItalic.ttf */ = {isa = PBXFileReference; lastKnownFileType = file; path = "Rubik-LightItalic.ttf"; sourceTree = "<group>"; };
		DA3FC7242B73C3FE00BE706A /* Rubik-Regular.ttf */ = {isa = PBXFileReference; lastKnownFileType = file; path = "Rubik-Regular.ttf"; sourceTree = "<group>"; };
		DA3FC7252B73C3FE00BE706A /* Rubik-Italic.ttf */ = {isa = PBXFileReference; lastKnownFileType = file; path = "Rubik-Italic.ttf"; sourceTree = "<group>"; };
		DA3FC7262B73C3FE00BE706A /* Rubik-Medium.ttf */ = {isa = PBXFileReference; lastKnownFileType = file; path = "Rubik-Medium.ttf"; sourceTree = "<group>"; };
		DA3FC7272B73C3FE00BE706A /* Rubik-Bold.ttf */ = {isa = PBXFileReference; lastKnownFileType = file; path = "Rubik-Bold.ttf"; sourceTree = "<group>"; };
		DA3FC7282B73C3FE00BE706A /* Rubik-SemiBoldItalic.ttf */ = {isa = PBXFileReference; lastKnownFileType = file; path = "Rubik-SemiBoldItalic.ttf"; sourceTree = "<group>"; };
		DA3FC7292B73C3FE00BE706A /* Rubik-SemiBold.ttf */ = {isa = PBXFileReference; lastKnownFileType = file; path = "Rubik-SemiBold.ttf"; sourceTree = "<group>"; };
		DA3FC72A2B73C3FE00BE706A /* Rubik-ExtraBold.ttf */ = {isa = PBXFileReference; lastKnownFileType = file; path = "Rubik-ExtraBold.ttf"; sourceTree = "<group>"; };
		DA3FC73A2B73F51600BE706A /* HomePage.swift */ = {isa = PBXFileReference; lastKnownFileType = sourcecode.swift; path = HomePage.swift; sourceTree = "<group>"; };
		DA3FC73C2B73F52900BE706A /* DiagnosePage.swift */ = {isa = PBXFileReference; lastKnownFileType = sourcecode.swift; path = DiagnosePage.swift; sourceTree = "<group>"; };
		DA3FC73E2B73F53700BE706A /* IdentifiyPage.swift */ = {isa = PBXFileReference; lastKnownFileType = sourcecode.swift; path = IdentifiyPage.swift; sourceTree = "<group>"; };
		DA3FC7402B73F54200BE706A /* MyGardenPage.swift */ = {isa = PBXFileReference; lastKnownFileType = sourcecode.swift; path = MyGardenPage.swift; sourceTree = "<group>"; };
		DA3FC7422B73F54B00BE706A /* ProfilePage.swift */ = {isa = PBXFileReference; lastKnownFileType = sourcecode.swift; path = ProfilePage.swift; sourceTree = "<group>"; };
		DA3FC7452B73F6D800BE706A /* CustomTextFieldModifier.swift */ = {isa = PBXFileReference; lastKnownFileType = sourcecode.swift; path = CustomTextFieldModifier.swift; sourceTree = "<group>"; };
		DA3FC7482B7426FC00BE706A /* PremiumButton.swift */ = {isa = PBXFileReference; lastKnownFileType = sourcecode.swift; path = PremiumButton.swift; sourceTree = "<group>"; };
		DA3FC74A2B74418F00BE706A /* GetStartedCard.swift */ = {isa = PBXFileReference; lastKnownFileType = sourcecode.swift; path = GetStartedCard.swift; sourceTree = "<group>"; };
		DA3FC74C2B74DB0100BE706A /* CategoryCard.swift */ = {isa = PBXFileReference; lastKnownFileType = sourcecode.swift; path = CategoryCard.swift; sourceTree = "<group>"; };
		DA3FC74F2B74FA9000BE706A /* NetworkService.swift */ = {isa = PBXFileReference; lastKnownFileType = sourcecode.swift; path = NetworkService.swift; sourceTree = "<group>"; };
		DA3FC7522B75273300BE706A /* QuestionsModel.swift */ = {isa = PBXFileReference; lastKnownFileType = sourcecode.swift; path = QuestionsModel.swift; sourceTree = "<group>"; };
		DA3FC7542B75274000BE706A /* CategoriesModel.swift */ = {isa = PBXFileReference; lastKnownFileType = sourcecode.swift; path = CategoriesModel.swift; sourceTree = "<group>"; };
		DA3FC7562B75278C00BE706A /* NetworkingHelpers.swift */ = {isa = PBXFileReference; lastKnownFileType = sourcecode.swift; path = NetworkingHelpers.swift; sourceTree = "<group>"; };
		DA3FC7592B75291F00BE706A /* QuestionsViewModel.swift */ = {isa = PBXFileReference; lastKnownFileType = sourcecode.swift; path = QuestionsViewModel.swift; sourceTree = "<group>"; };
		DA3FC75B2B752D4900BE706A /* CategoriesViewModel.swift */ = {isa = PBXFileReference; lastKnownFileType = sourcecode.swift; path = CategoriesViewModel.swift; sourceTree = "<group>"; };
		DA3FC7612B75471900BE706A /* OnboardingController.swift */ = {isa = PBXFileReference; lastKnownFileType = sourcecode.swift; path = OnboardingController.swift; sourceTree = "<group>"; };
		DA3FC7632B75472500BE706A /* OnboardingView.swift */ = {isa = PBXFileReference; lastKnownFileType = sourcecode.swift; path = OnboardingView.swift; sourceTree = "<group>"; };
		DA3FC7662B7577C900BE706A /* WelcomePage.swift */ = {isa = PBXFileReference; lastKnownFileType = sourcecode.swift; path = WelcomePage.swift; sourceTree = "<group>"; };
		DA3FC7682B75797400BE706A /* OnboardingFirstPage.swift */ = {isa = PBXFileReference; lastKnownFileType = sourcecode.swift; path = OnboardingFirstPage.swift; sourceTree = "<group>"; };
		DA3FC76A2B758D2000BE706A /* OnboardingSecondPage.swift */ = {isa = PBXFileReference; lastKnownFileType = sourcecode.swift; path = OnboardingSecondPage.swift; sourceTree = "<group>"; };
		DAA0A0332B7377CA00F59AFD /* PlantApp.app */ = {isa = PBXFileReference; explicitFileType = wrapper.application; includeInIndex = 0; path = PlantApp.app; sourceTree = BUILT_PRODUCTS_DIR; };
		DAA0A0362B7377CA00F59AFD /* PlantAppApp.swift */ = {isa = PBXFileReference; lastKnownFileType = sourcecode.swift; path = PlantAppApp.swift; sourceTree = "<group>"; };
		DAA0A0382B7377CA00F59AFD /* ContentView.swift */ = {isa = PBXFileReference; lastKnownFileType = sourcecode.swift; path = ContentView.swift; sourceTree = "<group>"; };
		DAA0A03A2B7377CC00F59AFD /* Assets.xcassets */ = {isa = PBXFileReference; lastKnownFileType = folder.assetcatalog; path = Assets.xcassets; sourceTree = "<group>"; };
		DAA0A03D2B7377CC00F59AFD /* Preview Assets.xcassets */ = {isa = PBXFileReference; lastKnownFileType = folder.assetcatalog; path = "Preview Assets.xcassets"; sourceTree = "<group>"; };
		DAA0A0452B73812B00F59AFD /* TabbarView.swift */ = {isa = PBXFileReference; lastKnownFileType = sourcecode.swift; path = TabbarView.swift; sourceTree = "<group>"; };
		DAA0A04C2B738BD300F59AFD /* Info.plist */ = {isa = PBXFileReference; lastKnownFileType = text.plist; path = Info.plist; sourceTree = "<group>"; };
		DAA6F7CA2B75A0F300C7583F /* PaywallPage.swift */ = {isa = PBXFileReference; lastKnownFileType = sourcecode.swift; path = PaywallPage.swift; sourceTree = "<group>"; };
		DAA6F7CC2B765CAA00C7583F /* CustomBorderShape.swift */ = {isa = PBXFileReference; lastKnownFileType = sourcecode.swift; path = CustomBorderShape.swift; sourceTree = "<group>"; };
		DAA6F7D02B766C0100C7583F /* FeaturesInfo.swift */ = {isa = PBXFileReference; lastKnownFileType = sourcecode.swift; path = FeaturesInfo.swift; sourceTree = "<group>"; };
		DAA6F7D22B76862900C7583F /* ProductInfo.swift */ = {isa = PBXFileReference; lastKnownFileType = sourcecode.swift; path = ProductInfo.swift; sourceTree = "<group>"; };
		DAA6F7D42B7695F500C7583F /* PaywallProductController.swift */ = {isa = PBXFileReference; lastKnownFileType = sourcecode.swift; path = PaywallProductController.swift; sourceTree = "<group>"; };
		DAA6F7D62B76A4E700C7583F /* FeaturesView.swift */ = {isa = PBXFileReference; lastKnownFileType = sourcecode.swift; path = FeaturesView.swift; sourceTree = "<group>"; };
		DAA6F7D82B76A53800C7583F /* PaywallTerms.swift */ = {isa = PBXFileReference; lastKnownFileType = sourcecode.swift; path = PaywallTerms.swift; sourceTree = "<group>"; };
		DAA6F7DA2B76A56000C7583F /* ProductButton.swift */ = {isa = PBXFileReference; lastKnownFileType = sourcecode.swift; path = ProductButton.swift; sourceTree = "<group>"; };
		DAA6F7DD2B76F37200C7583F /* Color+Extensions.swift */ = {isa = PBXFileReference; lastKnownFileType = sourcecode.swift; path = "Color+Extensions.swift"; sourceTree = "<group>"; };
		DAA6F7DF2B76F3F900C7583F /* View+Extensions.swift */ = {isa = PBXFileReference; lastKnownFileType = sourcecode.swift; path = "View+Extensions.swift"; sourceTree = "<group>"; };
		DAA6F7E12B76F60300C7583F /* CustomButtonStyle.swift */ = {isa = PBXFileReference; lastKnownFileType = sourcecode.swift; path = CustomButtonStyle.swift; sourceTree = "<group>"; };
/* End PBXFileReference section */

/* Begin PBXFrameworksBuildPhase section */
		DAA0A0302B7377CA00F59AFD /* Frameworks */ = {
			isa = PBXFrameworksBuildPhase;
			buildActionMask = 2147483647;
			files = (
				DA3FC75F2B75367600BE706A /* Kingfisher in Frameworks */,
			);
			runOnlyForDeploymentPostprocessing = 0;
		};
/* End PBXFrameworksBuildPhase section */

/* Begin PBXGroup section */
		DA3FC7392B73F50A00BE706A /* Pages */ = {
			isa = PBXGroup;
			children = (
				DA3FC73A2B73F51600BE706A /* HomePage.swift */,
				DA3FC73C2B73F52900BE706A /* DiagnosePage.swift */,
				DA3FC73E2B73F53700BE706A /* IdentifiyPage.swift */,
				DA3FC7402B73F54200BE706A /* MyGardenPage.swift */,
				DA3FC7422B73F54B00BE706A /* ProfilePage.swift */,
			);
			path = Pages;
			sourceTree = "<group>";
		};
		DA3FC7442B73F6B600BE706A /* Modifiers */ = {
			isa = PBXGroup;
			children = (
				DA3FC7452B73F6D800BE706A /* CustomTextFieldModifier.swift */,
				DAA6F7CC2B765CAA00C7583F /* CustomBorderShape.swift */,
				DAA6F7E12B76F60300C7583F /* CustomButtonStyle.swift */,
			);
			path = Modifiers;
			sourceTree = "<group>";
		};
		DA3FC7472B7426E900BE706A /* Views */ = {
			isa = PBXGroup;
			children = (
				DA3FC7482B7426FC00BE706A /* PremiumButton.swift */,
				DA3FC74A2B74418F00BE706A /* GetStartedCard.swift */,
				DA3FC74C2B74DB0100BE706A /* CategoryCard.swift */,
			);
			path = Views;
			sourceTree = "<group>";
		};
		DA3FC74E2B74FA8200BE706A /* Networking */ = {
			isa = PBXGroup;
			children = (
				DA3FC74F2B74FA9000BE706A /* NetworkService.swift */,
				DA3FC7562B75278C00BE706A /* NetworkingHelpers.swift */,
			);
			path = Networking;
			sourceTree = "<group>";
		};
		DA3FC7512B75272500BE706A /* Models */ = {
			isa = PBXGroup;
			children = (
				DA3FC7522B75273300BE706A /* QuestionsModel.swift */,
				DA3FC7542B75274000BE706A /* CategoriesModel.swift */,
			);
			path = Models;
			sourceTree = "<group>";
		};
		DA3FC7582B75290D00BE706A /* ViewModels */ = {
			isa = PBXGroup;
			children = (
				DA3FC7592B75291F00BE706A /* QuestionsViewModel.swift */,
				DA3FC75B2B752D4900BE706A /* CategoriesViewModel.swift */,
			);
			path = ViewModels;
			sourceTree = "<group>";
		};
		DA3FC7602B75470900BE706A /* Onboarding */ = {
			isa = PBXGroup;
			children = (
				DA3FC7652B7577B200BE706A /* OnboardingPages */,
				DA3FC7612B75471900BE706A /* OnboardingController.swift */,
				DA3FC7632B75472500BE706A /* OnboardingView.swift */,
			);
			path = Onboarding;
			sourceTree = "<group>";
		};
		DA3FC7652B7577B200BE706A /* OnboardingPages */ = {
			isa = PBXGroup;
			children = (
				DA3FC7662B7577C900BE706A /* WelcomePage.swift */,
				DA3FC7682B75797400BE706A /* OnboardingFirstPage.swift */,
				DA3FC76A2B758D2000BE706A /* OnboardingSecondPage.swift */,
			);
			path = OnboardingPages;
			sourceTree = "<group>";
		};
		DAA0A02A2B7377CA00F59AFD = {
			isa = PBXGroup;
			children = (
				DAA0A0352B7377CA00F59AFD /* PlantApp */,
				DAA0A0342B7377CA00F59AFD /* Products */,
			);
			sourceTree = "<group>";
		};
		DAA0A0342B7377CA00F59AFD /* Products */ = {
			isa = PBXGroup;
			children = (
				DAA0A0332B7377CA00F59AFD /* PlantApp.app */,
			);
			name = Products;
			sourceTree = "<group>";
		};
		DAA0A0352B7377CA00F59AFD /* PlantApp */ = {
			isa = PBXGroup;
			children = (
				DAA6F7DC2B76F35500C7583F /* Extensions */,
				DAA6F7C92B75A0E300C7583F /* Paywall */,
				DA3FC7602B75470900BE706A /* Onboarding */,
				DA3FC7582B75290D00BE706A /* ViewModels */,
				DA3FC7512B75272500BE706A /* Models */,
				DA3FC74E2B74FA8200BE706A /* Networking */,
				DA3FC7472B7426E900BE706A /* Views */,
				DA3FC7442B73F6B600BE706A /* Modifiers */,
				DA3FC7392B73F50A00BE706A /* Pages */,
				DAA0A04C2B738BD300F59AFD /* Info.plist */,
				DAA0A0472B738AAD00F59AFD /* Fonts */,
				DAA0A0442B73811B00F59AFD /* Tabbar */,
				DAA0A0362B7377CA00F59AFD /* PlantAppApp.swift */,
				DAA0A0382B7377CA00F59AFD /* ContentView.swift */,
				DAA0A03A2B7377CC00F59AFD /* Assets.xcassets */,
				DAA0A03C2B7377CC00F59AFD /* Preview Content */,
			);
			path = PlantApp;
			sourceTree = "<group>";
		};
		DAA0A03C2B7377CC00F59AFD /* Preview Content */ = {
			isa = PBXGroup;
			children = (
				DAA0A03D2B7377CC00F59AFD /* Preview Assets.xcassets */,
			);
			path = "Preview Content";
			sourceTree = "<group>";
		};
		DAA0A0442B73811B00F59AFD /* Tabbar */ = {
			isa = PBXGroup;
			children = (
				DAA0A0452B73812B00F59AFD /* TabbarView.swift */,
				DA3FC7192B73B27900BE706A /* TabButtonView.swift */,
			);
			path = Tabbar;
			sourceTree = "<group>";
		};
		DAA0A0472B738AAD00F59AFD /* Fonts */ = {
			isa = PBXGroup;
			children = (
				DA3FC71B2B73C34500BE706A /* Font+Enums.swift */,
				DA3FC71E2B73C3FD00BE706A /* Rubik-Black.ttf */,
				DA3FC71D2B73C3FD00BE706A /* Rubik-BlackItalic.ttf */,
				DA3FC7272B73C3FE00BE706A /* Rubik-Bold.ttf */,
				DA3FC7222B73C3FD00BE706A /* Rubik-BoldItalic.ttf */,
				DA3FC72A2B73C3FE00BE706A /* Rubik-ExtraBold.ttf */,
				DA3FC71F2B73C3FD00BE706A /* Rubik-ExtraBoldItalic.ttf */,
				DA3FC7252B73C3FE00BE706A /* Rubik-Italic.ttf */,
				DA3FC7212B73C3FD00BE706A /* Rubik-Light.ttf */,
				DA3FC7232B73C3FD00BE706A /* Rubik-LightItalic.ttf */,
				DA3FC7262B73C3FE00BE706A /* Rubik-Medium.ttf */,
				DA3FC7202B73C3FD00BE706A /* Rubik-MediumItalic.ttf */,
				DA3FC7242B73C3FE00BE706A /* Rubik-Regular.ttf */,
				DA3FC7292B73C3FE00BE706A /* Rubik-SemiBold.ttf */,
				DA3FC7282B73C3FE00BE706A /* Rubik-SemiBoldItalic.ttf */,
			);
			path = Fonts;
			sourceTree = "<group>";
		};
		DAA6F7C92B75A0E300C7583F /* Paywall */ = {
			isa = PBXGroup;
			children = (
				DAA6F7CA2B75A0F300C7583F /* PaywallPage.swift */,
				DAA6F7D02B766C0100C7583F /* FeaturesInfo.swift */,
				DAA6F7D22B76862900C7583F /* ProductInfo.swift */,
				DAA6F7D42B7695F500C7583F /* PaywallProductController.swift */,
				DAA6F7D62B76A4E700C7583F /* FeaturesView.swift */,
				DAA6F7D82B76A53800C7583F /* PaywallTerms.swift */,
				DAA6F7DA2B76A56000C7583F /* ProductButton.swift */,
			);
			path = Paywall;
			sourceTree = "<group>";
		};
		DAA6F7DC2B76F35500C7583F /* Extensions */ = {
			isa = PBXGroup;
			children = (
				DAA6F7DD2B76F37200C7583F /* Color+Extensions.swift */,
				DAA6F7DF2B76F3F900C7583F /* View+Extensions.swift */,
			);
			path = Extensions;
			sourceTree = "<group>";
		};
/* End PBXGroup section */

/* Begin PBXNativeTarget section */
		DAA0A0322B7377CA00F59AFD /* PlantApp */ = {
			isa = PBXNativeTarget;
			buildConfigurationList = DAA0A0412B7377CC00F59AFD /* Build configuration list for PBXNativeTarget "PlantApp" */;
			buildPhases = (
				DAA0A02F2B7377CA00F59AFD /* Sources */,
				DAA0A0302B7377CA00F59AFD /* Frameworks */,
				DAA0A0312B7377CA00F59AFD /* Resources */,
			);
			buildRules = (
			);
			dependencies = (
			);
			name = PlantApp;
			packageProductDependencies = (
				DA3FC75E2B75367600BE706A /* Kingfisher */,
			);
			productName = PlantApp;
			productReference = DAA0A0332B7377CA00F59AFD /* PlantApp.app */;
			productType = "com.apple.product-type.application";
		};
/* End PBXNativeTarget section */

/* Begin PBXProject section */
		DAA0A02B2B7377CA00F59AFD /* Project object */ = {
			isa = PBXProject;
			attributes = {
				BuildIndependentTargetsInParallel = 1;
				LastSwiftUpdateCheck = 1500;
				LastUpgradeCheck = 1500;
				TargetAttributes = {
					DAA0A0322B7377CA00F59AFD = {
						CreatedOnToolsVersion = 15.0;
					};
				};
			};
			buildConfigurationList = DAA0A02E2B7377CA00F59AFD /* Build configuration list for PBXProject "PlantApp" */;
			compatibilityVersion = "Xcode 14.0";
			developmentRegion = en;
			hasScannedForEncodings = 0;
			knownRegions = (
				en,
				Base,
			);
			mainGroup = DAA0A02A2B7377CA00F59AFD;
			packageReferences = (
				DA3FC75D2B75367600BE706A /* XCRemoteSwiftPackageReference "Kingfisher" */,
			);
			productRefGroup = DAA0A0342B7377CA00F59AFD /* Products */;
			projectDirPath = "";
			projectRoot = "";
			targets = (
				DAA0A0322B7377CA00F59AFD /* PlantApp */,
			);
		};
/* End PBXProject section */

/* Begin PBXResourcesBuildPhase section */
		DAA0A0312B7377CA00F59AFD /* Resources */ = {
			isa = PBXResourcesBuildPhase;
			buildActionMask = 2147483647;
			files = (
				DA3FC7352B73C3FE00BE706A /* Rubik-Bold.ttf in Resources */,
				DAA0A03E2B7377CC00F59AFD /* Preview Assets.xcassets in Resources */,
				DA3FC7302B73C3FE00BE706A /* Rubik-BoldItalic.ttf in Resources */,
				DA3FC72E2B73C3FE00BE706A /* Rubik-MediumItalic.ttf in Resources */,
				DA3FC7342B73C3FE00BE706A /* Rubik-Medium.ttf in Resources */,
				DA3FC7322B73C3FE00BE706A /* Rubik-Regular.ttf in Resources */,
				DA3FC7312B73C3FE00BE706A /* Rubik-LightItalic.ttf in Resources */,
				DAA0A03B2B7377CC00F59AFD /* Assets.xcassets in Resources */,
				DA3FC7332B73C3FE00BE706A /* Rubik-Italic.ttf in Resources */,
				DA3FC72C2B73C3FE00BE706A /* Rubik-Black.ttf in Resources */,
				DA3FC72D2B73C3FE00BE706A /* Rubik-ExtraBoldItalic.ttf in Resources */,
				DA3FC72F2B73C3FE00BE706A /* Rubik-Light.ttf in Resources */,
				DA3FC7372B73C3FE00BE706A /* Rubik-SemiBold.ttf in Resources */,
				DA3FC72B2B73C3FE00BE706A /* Rubik-BlackItalic.ttf in Resources */,
				DA3FC7382B73C3FE00BE706A /* Rubik-ExtraBold.ttf in Resources */,
				DA3FC7362B73C3FE00BE706A /* Rubik-SemiBoldItalic.ttf in Resources */,
			);
			runOnlyForDeploymentPostprocessing = 0;
		};
/* End PBXResourcesBuildPhase section */

/* Begin PBXSourcesBuildPhase section */
		DAA0A02F2B7377CA00F59AFD /* Sources */ = {
			isa = PBXSourcesBuildPhase;
			buildActionMask = 2147483647;
			files = (
				DAA6F7D92B76A53800C7583F /* PaywallTerms.swift in Sources */,
				DA3FC71C2B73C34500BE706A /* Font+Enums.swift in Sources */,
				DAA0A0462B73812B00F59AFD /* TabbarView.swift in Sources */,
				DA3FC7622B75471900BE706A /* OnboardingController.swift in Sources */,
				DAA6F7D32B76862900C7583F /* ProductInfo.swift in Sources */,
				DAA0A0392B7377CA00F59AFD /* ContentView.swift in Sources */,
				DA3FC7552B75274000BE706A /* CategoriesModel.swift in Sources */,
				DA3FC73F2B73F53700BE706A /* IdentifiyPage.swift in Sources */,
				DAA6F7D72B76A4E700C7583F /* FeaturesView.swift in Sources */,
				DA3FC74B2B74418F00BE706A /* GetStartedCard.swift in Sources */,
				DAA6F7E02B76F3F900C7583F /* View+Extensions.swift in Sources */,
				DA3FC75A2B75291F00BE706A /* QuestionsViewModel.swift in Sources */,
				DA3FC7492B7426FC00BE706A /* PremiumButton.swift in Sources */,
				DA3FC74D2B74DB0100BE706A /* CategoryCard.swift in Sources */,
				DA3FC71A2B73B27900BE706A /* TabButtonView.swift in Sources */,
				DAA6F7CB2B75A0F300C7583F /* PaywallPage.swift in Sources */,
				DA3FC76B2B758D2000BE706A /* OnboardingSecondPage.swift in Sources */,
				DA3FC7412B73F54200BE706A /* MyGardenPage.swift in Sources */,
				DA3FC7572B75278C00BE706A /* NetworkingHelpers.swift in Sources */,
				DA3FC73D2B73F52900BE706A /* DiagnosePage.swift in Sources */,
				DAA6F7CD2B765CAA00C7583F /* CustomBorderShape.swift in Sources */,
				DA3FC75C2B752D4900BE706A /* CategoriesViewModel.swift in Sources */,
				DA3FC7502B74FA9000BE706A /* NetworkService.swift in Sources */,
				DA3FC7462B73F6D800BE706A /* CustomTextFieldModifier.swift in Sources */,
				DA3FC7432B73F54B00BE706A /* ProfilePage.swift in Sources */,
				DAA6F7E22B76F60300C7583F /* CustomButtonStyle.swift in Sources */,
				DAA0A0372B7377CA00F59AFD /* PlantAppApp.swift in Sources */,
				DAA6F7DE2B76F37200C7583F /* Color+Extensions.swift in Sources */,
				DA3FC7532B75273300BE706A /* QuestionsModel.swift in Sources */,
				DAA6F7D12B766C0100C7583F /* FeaturesInfo.swift in Sources */,
				DAA6F7D52B7695F500C7583F /* PaywallProductController.swift in Sources */,
				DAA6F7DB2B76A56000C7583F /* ProductButton.swift in Sources */,
				DA3FC7672B7577C900BE706A /* WelcomePage.swift in Sources */,
				DA3FC7642B75472500BE706A /* OnboardingView.swift in Sources */,
				DA3FC7692B75797400BE706A /* OnboardingFirstPage.swift in Sources */,
				DA3FC73B2B73F51600BE706A /* HomePage.swift in Sources */,
			);
			runOnlyForDeploymentPostprocessing = 0;
		};
/* End PBXSourcesBuildPhase section */

/* Begin XCBuildConfiguration section */
		DAA0A03F2B7377CC00F59AFD /* Debug */ = {
			isa = XCBuildConfiguration;
			buildSettings = {
				ALWAYS_SEARCH_USER_PATHS = NO;
				ASSETCATALOG_COMPILER_GENERATE_SWIFT_ASSET_SYMBOL_EXTENSIONS = YES;
				CLANG_ANALYZER_NONNULL = YES;
				CLANG_ANALYZER_NUMBER_OBJECT_CONVERSION = YES_AGGRESSIVE;
				CLANG_CXX_LANGUAGE_STANDARD = "gnu++20";
				CLANG_ENABLE_MODULES = YES;
				CLANG_ENABLE_OBJC_ARC = YES;
				CLANG_ENABLE_OBJC_WEAK = YES;
				CLANG_WARN_BLOCK_CAPTURE_AUTORELEASING = YES;
				CLANG_WARN_BOOL_CONVERSION = YES;
				CLANG_WARN_COMMA = YES;
				CLANG_WARN_CONSTANT_CONVERSION = YES;
				CLANG_WARN_DEPRECATED_OBJC_IMPLEMENTATIONS = YES;
				CLANG_WARN_DIRECT_OBJC_ISA_USAGE = YES_ERROR;
				CLANG_WARN_DOCUMENTATION_COMMENTS = YES;
				CLANG_WARN_EMPTY_BODY = YES;
				CLANG_WARN_ENUM_CONVERSION = YES;
				CLANG_WARN_INFINITE_RECURSION = YES;
				CLANG_WARN_INT_CONVERSION = YES;
				CLANG_WARN_NON_LITERAL_NULL_CONVERSION = YES;
				CLANG_WARN_OBJC_IMPLICIT_RETAIN_SELF = YES;
				CLANG_WARN_OBJC_LITERAL_CONVERSION = YES;
				CLANG_WARN_OBJC_ROOT_CLASS = YES_ERROR;
				CLANG_WARN_QUOTED_INCLUDE_IN_FRAMEWORK_HEADER = YES;
				CLANG_WARN_RANGE_LOOP_ANALYSIS = YES;
				CLANG_WARN_STRICT_PROTOTYPES = YES;
				CLANG_WARN_SUSPICIOUS_MOVE = YES;
				CLANG_WARN_UNGUARDED_AVAILABILITY = YES_AGGRESSIVE;
				CLANG_WARN_UNREACHABLE_CODE = YES;
				CLANG_WARN__DUPLICATE_METHOD_MATCH = YES;
				COPY_PHASE_STRIP = NO;
				DEBUG_INFORMATION_FORMAT = dwarf;
				ENABLE_STRICT_OBJC_MSGSEND = YES;
				ENABLE_TESTABILITY = YES;
				ENABLE_USER_SCRIPT_SANDBOXING = YES;
				GCC_C_LANGUAGE_STANDARD = gnu17;
				GCC_DYNAMIC_NO_PIC = NO;
				GCC_NO_COMMON_BLOCKS = YES;
				GCC_OPTIMIZATION_LEVEL = 0;
				GCC_PREPROCESSOR_DEFINITIONS = (
					"DEBUG=1",
					"$(inherited)",
				);
				GCC_WARN_64_TO_32_BIT_CONVERSION = YES;
				GCC_WARN_ABOUT_RETURN_TYPE = YES_ERROR;
				GCC_WARN_UNDECLARED_SELECTOR = YES;
				GCC_WARN_UNINITIALIZED_AUTOS = YES_AGGRESSIVE;
				GCC_WARN_UNUSED_FUNCTION = YES;
				GCC_WARN_UNUSED_VARIABLE = YES;
				IPHONEOS_DEPLOYMENT_TARGET = 16.0;
				LOCALIZATION_PREFERS_STRING_CATALOGS = YES;
				MTL_ENABLE_DEBUG_INFO = INCLUDE_SOURCE;
				MTL_FAST_MATH = YES;
				ONLY_ACTIVE_ARCH = YES;
				SDKROOT = iphoneos;
				SWIFT_ACTIVE_COMPILATION_CONDITIONS = "DEBUG $(inherited)";
				SWIFT_OPTIMIZATION_LEVEL = "-Onone";
			};
			name = Debug;
		};
		DAA0A0402B7377CC00F59AFD /* Release */ = {
			isa = XCBuildConfiguration;
			buildSettings = {
				ALWAYS_SEARCH_USER_PATHS = NO;
				ASSETCATALOG_COMPILER_GENERATE_SWIFT_ASSET_SYMBOL_EXTENSIONS = YES;
				CLANG_ANALYZER_NONNULL = YES;
				CLANG_ANALYZER_NUMBER_OBJECT_CONVERSION = YES_AGGRESSIVE;
				CLANG_CXX_LANGUAGE_STANDARD = "gnu++20";
				CLANG_ENABLE_MODULES = YES;
				CLANG_ENABLE_OBJC_ARC = YES;
				CLANG_ENABLE_OBJC_WEAK = YES;
				CLANG_WARN_BLOCK_CAPTURE_AUTORELEASING = YES;
				CLANG_WARN_BOOL_CONVERSION = YES;
				CLANG_WARN_COMMA = YES;
				CLANG_WARN_CONSTANT_CONVERSION = YES;
				CLANG_WARN_DEPRECATED_OBJC_IMPLEMENTATIONS = YES;
				CLANG_WARN_DIRECT_OBJC_ISA_USAGE = YES_ERROR;
				CLANG_WARN_DOCUMENTATION_COMMENTS = YES;
				CLANG_WARN_EMPTY_BODY = YES;
				CLANG_WARN_ENUM_CONVERSION = YES;
				CLANG_WARN_INFINITE_RECURSION = YES;
				CLANG_WARN_INT_CONVERSION = YES;
				CLANG_WARN_NON_LITERAL_NULL_CONVERSION = YES;
				CLANG_WARN_OBJC_IMPLICIT_RETAIN_SELF = YES;
				CLANG_WARN_OBJC_LITERAL_CONVERSION = YES;
				CLANG_WARN_OBJC_ROOT_CLASS = YES_ERROR;
				CLANG_WARN_QUOTED_INCLUDE_IN_FRAMEWORK_HEADER = YES;
				CLANG_WARN_RANGE_LOOP_ANALYSIS = YES;
				CLANG_WARN_STRICT_PROTOTYPES = YES;
				CLANG_WARN_SUSPICIOUS_MOVE = YES;
				CLANG_WARN_UNGUARDED_AVAILABILITY = YES_AGGRESSIVE;
				CLANG_WARN_UNREACHABLE_CODE = YES;
				CLANG_WARN__DUPLICATE_METHOD_MATCH = YES;
				COPY_PHASE_STRIP = NO;
				DEBUG_INFORMATION_FORMAT = "dwarf-with-dsym";
				ENABLE_NS_ASSERTIONS = NO;
				ENABLE_STRICT_OBJC_MSGSEND = YES;
				ENABLE_USER_SCRIPT_SANDBOXING = YES;
				GCC_C_LANGUAGE_STANDARD = gnu17;
				GCC_NO_COMMON_BLOCKS = YES;
				GCC_WARN_64_TO_32_BIT_CONVERSION = YES;
				GCC_WARN_ABOUT_RETURN_TYPE = YES_ERROR;
				GCC_WARN_UNDECLARED_SELECTOR = YES;
				GCC_WARN_UNINITIALIZED_AUTOS = YES_AGGRESSIVE;
				GCC_WARN_UNUSED_FUNCTION = YES;
				GCC_WARN_UNUSED_VARIABLE = YES;
				IPHONEOS_DEPLOYMENT_TARGET = 16.0;
				LOCALIZATION_PREFERS_STRING_CATALOGS = YES;
				MTL_ENABLE_DEBUG_INFO = NO;
				MTL_FAST_MATH = YES;
				SDKROOT = iphoneos;
				SWIFT_COMPILATION_MODE = wholemodule;
				VALIDATE_PRODUCT = YES;
			};
			name = Release;
		};
		DAA0A0422B7377CC00F59AFD /* Debug */ = {
			isa = XCBuildConfiguration;
			buildSettings = {
				ASSETCATALOG_COMPILER_APPICON_NAME = AppIcon;
				ASSETCATALOG_COMPILER_GLOBAL_ACCENT_COLOR_NAME = AccentColor;
				CODE_SIGN_STYLE = Automatic;
				CURRENT_PROJECT_VERSION = 1;
				DEVELOPMENT_ASSET_PATHS = "\"PlantApp/Preview Content\"";
				DEVELOPMENT_TEAM = GJKXYVS3C2;
				ENABLE_PREVIEWS = YES;
				GENERATE_INFOPLIST_FILE = YES;
				INFOPLIST_FILE = PlantApp/Info.plist;
				INFOPLIST_KEY_UIApplicationSceneManifest_Generation = YES;
				INFOPLIST_KEY_UIApplicationSupportsIndirectInputEvents = YES;
				INFOPLIST_KEY_UILaunchScreen_Generation = YES;
				INFOPLIST_KEY_UISupportedInterfaceOrientations = UIInterfaceOrientationPortrait;
				INFOPLIST_KEY_UISupportedInterfaceOrientations_iPad = "UIInterfaceOrientationLandscapeLeft UIInterfaceOrientationLandscapeRight UIInterfaceOrientationPortrait UIInterfaceOrientationPortraitUpsideDown";
				INFOPLIST_KEY_UIUserInterfaceStyle = Light;
				IPHONEOS_DEPLOYMENT_TARGET = 16.0;
				LD_RUNPATH_SEARCH_PATHS = (
					"$(inherited)",
					"@executable_path/Frameworks",
				);
				MARKETING_VERSION = 1.0;
				PRODUCT_BUNDLE_IDENTIFIER = com.case.plantapp.PlantApp;
				PRODUCT_NAME = "$(TARGET_NAME)";
				SUPPORTED_PLATFORMS = "iphoneos iphonesimulator";
				SUPPORTS_MACCATALYST = NO;
				SUPPORTS_MAC_DESIGNED_FOR_IPHONE_IPAD = NO;
				SWIFT_EMIT_LOC_STRINGS = YES;
				SWIFT_VERSION = 5.0;
				TARGETED_DEVICE_FAMILY = 1;
			};
			name = Debug;
		};
		DAA0A0432B7377CC00F59AFD /* Release */ = {
			isa = XCBuildConfiguration;
			buildSettings = {
				ASSETCATALOG_COMPILER_APPICON_NAME = AppIcon;
				ASSETCATALOG_COMPILER_GLOBAL_ACCENT_COLOR_NAME = AccentColor;
				CODE_SIGN_STYLE = Automatic;
				CURRENT_PROJECT_VERSION = 1;
				DEVELOPMENT_ASSET_PATHS = "\"PlantApp/Preview Content\"";
				DEVELOPMENT_TEAM = GJKXYVS3C2;
				ENABLE_PREVIEWS = YES;
				GENERATE_INFOPLIST_FILE = YES;
				INFOPLIST_FILE = PlantApp/Info.plist;
				INFOPLIST_KEY_UIApplicationSceneManifest_Generation = YES;
				INFOPLIST_KEY_UIApplicationSupportsIndirectInputEvents = YES;
				INFOPLIST_KEY_UILaunchScreen_Generation = YES;
				INFOPLIST_KEY_UISupportedInterfaceOrientations = UIInterfaceOrientationPortrait;
				INFOPLIST_KEY_UISupportedInterfaceOrientations_iPad = "UIInterfaceOrientationLandscapeLeft UIInterfaceOrientationLandscapeRight UIInterfaceOrientationPortrait UIInterfaceOrientationPortraitUpsideDown";
				INFOPLIST_KEY_UIUserInterfaceStyle = Light;
				IPHONEOS_DEPLOYMENT_TARGET = 16.0;
				LD_RUNPATH_SEARCH_PATHS = (
					"$(inherited)",
					"@executable_path/Frameworks",
				);
				MARKETING_VERSION = 1.0;
				PRODUCT_BUNDLE_IDENTIFIER = com.case.plantapp.PlantApp;
				PRODUCT_NAME = "$(TARGET_NAME)";
				SUPPORTED_PLATFORMS = "iphoneos iphonesimulator";
				SUPPORTS_MACCATALYST = NO;
				SUPPORTS_MAC_DESIGNED_FOR_IPHONE_IPAD = NO;
				SWIFT_EMIT_LOC_STRINGS = YES;
				SWIFT_VERSION = 5.0;
				TARGETED_DEVICE_FAMILY = 1;
			};
			name = Release;
		};
/* End XCBuildConfiguration section */

/* Begin XCConfigurationList section */
		DAA0A02E2B7377CA00F59AFD /* Build configuration list for PBXProject "PlantApp" */ = {
			isa = XCConfigurationList;
			buildConfigurations = (
				DAA0A03F2B7377CC00F59AFD /* Debug */,
				DAA0A0402B7377CC00F59AFD /* Release */,
			);
			defaultConfigurationIsVisible = 0;
			defaultConfigurationName = Release;
		};
		DAA0A0412B7377CC00F59AFD /* Build configuration list for PBXNativeTarget "PlantApp" */ = {
			isa = XCConfigurationList;
			buildConfigurations = (
				DAA0A0422B7377CC00F59AFD /* Debug */,
				DAA0A0432B7377CC00F59AFD /* Release */,
			);
			defaultConfigurationIsVisible = 0;
			defaultConfigurationName = Release;
		};
/* End XCConfigurationList section */

/* Begin XCRemoteSwiftPackageReference section */
		DA3FC75D2B75367600BE706A /* XCRemoteSwiftPackageReference "Kingfisher" */ = {
			isa = XCRemoteSwiftPackageReference;
			repositoryURL = "https://github.com/onevcat/Kingfisher.git";
			requirement = {
				kind = upToNextMajorVersion;
				minimumVersion = 7.10.2;
			};
		};
/* End XCRemoteSwiftPackageReference section */

/* Begin XCSwiftPackageProductDependency section */
		DA3FC75E2B75367600BE706A /* Kingfisher */ = {
			isa = XCSwiftPackageProductDependency;
			package = DA3FC75D2B75367600BE706A /* XCRemoteSwiftPackageReference "Kingfisher" */;
			productName = Kingfisher;
		};
/* End XCSwiftPackageProductDependency section */
	};
	rootObject = DAA0A02B2B7377CA00F59AFD /* Project object */;
}
